
Microsoft Visual Studio Solution File, Format Version 12.00
# Visual Studio Version 16
VisualStudioVersion = 16.0.30104.148
MinimumVisualStudioVersion = 10.0.40219.1
Project("{FAE04EC0-301F-11D3-BF4B-00C04F79EFBC}") = "SelesWebMvc", "SelesWebMvc\SelesWebMvc.csproj", "{84D88E94-EBCD-47E0-8E3B-60EB7E04373B}"
EndProject
Global
	GlobalSection(SolutionConfigurationPlatforms) = preSolution
		Debug|Any CPU = Debug|Any CPU
		Release|Any CPU = Release|Any CPU
	EndGlobalSection
	GlobalSection(ProjectConfigurationPlatforms) = postSolution
		{84D88E94-EBCD-47E0-8E3B-60EB7E04373B}.Debug|Any CPU.ActiveCfg = Debug|Any CPU
		{84D88E94-EBCD-47E0-8E3B-60EB7E04373B}.Debug|Any CPU.Build.0 = Debug|Any CPU
		{84D88E94-EBCD-47E0-8E3B-60EB7E04373B}.Release|Any CPU.ActiveCfg = Release|Any CPU
		{84D88E94-EBCD-47E0-8E3B-60EB7E04373B}.Release|Any CPU.Build.0 = Release|Any CPU
	EndGlobalSection
	GlobalSection(SolutionProperties) = preSolution
		HideSolutionNode = FALSE
	EndGlobalSection
	GlobalSection(ExtensibilityGlobals) = postSolution
		SolutionGuid = {E1AC0728-409E-4E34-908B-14A0111708EF}
	EndGlobalSection
EndGlobal
